
Microsoft Visual Studio Solution File, Format Version 12.00
# Visual Studio Version 16
VisualStudioVersion = 16.0.29230.47
MinimumVisualStudioVersion = 10.0.40219.1
Project("{FAE04EC0-301F-11D3-BF4B-00C04F79EFBC}") = "NUnitTest", "NUnitTest\NUnitTest.csproj", "{76BCA096-D3D6-4911-A634-9FD38DC8168A}"
EndProject
Global
	GlobalSection(SolutionConfigurationPlatforms) = preSolution
		Debug|Any CPU = Debug|Any CPU
		Release|Any CPU = Release|Any CPU
	EndGlobalSection
	GlobalSection(ProjectConfigurationPlatforms) = postSolution
		{76BCA096-D3D6-4911-A634-9FD38DC8168A}.Debug|Any CPU.ActiveCfg = Debug|Any CPU
		{76BCA096-D3D6-4911-A634-9FD38DC8168A}.Debug|Any CPU.Build.0 = Debug|Any CPU
		{76BCA096-D3D6-4911-A634-9FD38DC8168A}.Release|Any CPU.ActiveCfg = Release|Any CPU
		{76BCA096-D3D6-4911-A634-9FD38DC8168A}.Release|Any CPU.Build.0 = Release|Any CPU
	EndGlobalSection
	GlobalSection(SolutionProperties) = preSolution
		HideSolutionNode = FALSE
	EndGlobalSection
	GlobalSection(ExtensibilityGlobals) = postSolution
		SolutionGuid = {C1A41A49-6EB9-471C-A12D-D7151D669372}
	EndGlobalSection
EndGlobal
